// !$*UTF8*$!
{
	archiveVersion = 1;
	classes = {
	};
	objectVersion = 48;
	objects = {

/* Begin PBXBuildFile section */
		E8F6FE532054372F00B2543D /* AppDelegate.swift in Sources */ = {isa = PBXBuildFile; fileRef = E8F6FE522054372F00B2543D /* AppDelegate.swift */; };
		E8F6FE552054372F00B2543D /* ViewController.swift in Sources */ = {isa = PBXBuildFile; fileRef = E8F6FE542054372F00B2543D /* ViewController.swift */; };
		E8F6FE582054372F00B2543D /* Main.storyboard in Resources */ = {isa = PBXBuildFile; fileRef = E8F6FE562054372F00B2543D /* Main.storyboard */; };
		E8F6FE5A2054372F00B2543D /* Assets.xcassets in Resources */ = {isa = PBXBuildFile; fileRef = E8F6FE592054372F00B2543D /* Assets.xcassets */; };
		E8F6FE5D2054372F00B2543D /* LaunchScreen.storyboard in Resources */ = {isa = PBXBuildFile; fileRef = E8F6FE5B2054372F00B2543D /* LaunchScreen.storyboard */; };
		E8F6FE682054372F00B2543D /* AR_DrawingTests.swift in Sources */ = {isa = PBXBuildFile; fileRef = E8F6FE672054372F00B2543D /* AR_DrawingTests.swift */; };
		E8F6FE732054372F00B2543D /* AR_DrawingUITests.swift in Sources */ = {isa = PBXBuildFile; fileRef = E8F6FE722054372F00B2543D /* AR_DrawingUITests.swift */; };
/* End PBXBuildFile section */

/* Begin PBXContainerItemProxy section */
		E8F6FE642054372F00B2543D /* PBXContainerItemProxy */ = {
			isa = PBXContainerItemProxy;
			containerPortal = E8F6FE472054372F00B2543D /* Project object */;
			proxyType = 1;
			remoteGlobalIDString = E8F6FE4E2054372F00B2543D;
			remoteInfo = "AR Drawing";
		};
		E8F6FE6F2054372F00B2543D /* PBXContainerItemProxy */ = {
			isa = PBXContainerItemProxy;
			containerPortal = E8F6FE472054372F00B2543D /* Project object */;
			proxyType = 1;
			remoteGlobalIDString = E8F6FE4E2054372F00B2543D;
			remoteInfo = "AR Drawing";
		};
/* End PBXContainerItemProxy section */

/* Begin PBXFileReference section */
		E8F6FE4F2054372F00B2543D /* AR Drawing.app */ = {isa = PBXFileReference; explicitFileType = wrapper.application; includeInIndex = 0; path = "AR Drawing.app"; sourceTree = BUILT_PRODUCTS_DIR; };
		E8F6FE522054372F00B2543D /* AppDelegate.swift */ = {isa = PBXFileReference; lastKnownFileType = sourcecode.swift; path = AppDelegate.swift; sourceTree = "<group>"; };
		E8F6FE542054372F00B2543D /* ViewController.swift */ = {isa = PBXFileReference; lastKnownFileType = sourcecode.swift; path = ViewController.swift; sourceTree = "<group>"; };
		E8F6FE572054372F00B2543D /* Base */ = {isa = PBXFileReference; lastKnownFileType = file.storyboard; name = Base; path = Base.lproj/Main.storyboard; sourceTree = "<group>"; };
		E8F6FE592054372F00B2543D /* Assets.xcassets */ = {isa = PBXFileReference; lastKnownFileType = folder.assetcatalog; path = Assets.xcassets; sourceTree = "<group>"; };
		E8F6FE5C2054372F00B2543D /* Base */ = {isa = PBXFileReference; lastKnownFileType = file.storyboard; name = Base; path = Base.lproj/LaunchScreen.storyboard; sourceTree = "<group>"; };
		E8F6FE5E2054372F00B2543D /* Info.plist */ = {isa = PBXFileReference; lastKnownFileType = text.plist.xml; path = Info.plist; sourceTree = "<group>"; };
		E8F6FE632054372F00B2543D /* AR DrawingTests.xctest */ = {isa = PBXFileReference; explicitFileType = wrapper.cfbundle; includeInIndex = 0; path = "AR DrawingTests.xctest"; sourceTree = BUILT_PRODUCTS_DIR; };
		E8F6FE672054372F00B2543D /* AR_DrawingTests.swift */ = {isa = PBXFileReference; lastKnownFileType = sourcecode.swift; path = AR_DrawingTests.swift; sourceTree = "<group>"; };
		E8F6FE692054372F00B2543D /* Info.plist */ = {isa = PBXFileReference; lastKnownFileType = text.plist.xml; path = Info.plist; sourceTree = "<group>"; };
		E8F6FE6E2054372F00B2543D /* AR DrawingUITests.xctest */ = {isa = PBXFileReference; explicitFileType = wrapper.cfbundle; includeInIndex = 0; path = "AR DrawingUITests.xctest"; sourceTree = BUILT_PRODUCTS_DIR; };
		E8F6FE722054372F00B2543D /* AR_DrawingUITests.swift */ = {isa = PBXFileReference; lastKnownFileType = sourcecode.swift; path = AR_DrawingUITests.swift; sourceTree = "<group>"; };
		E8F6FE742054372F00B2543D /* Info.plist */ = {isa = PBXFileReference; lastKnownFileType = text.plist.xml; path = Info.plist; sourceTree = "<group>"; };
/* End PBXFileReference section */

/* Begin PBXFrameworksBuildPhase section */
		E8F6FE4C2054372F00B2543D /* Frameworks */ = {
			isa = PBXFrameworksBuildPhase;
			buildActionMask = 2147483647;
			files = (
			);
			runOnlyForDeploymentPostprocessing = 0;
		};
		E8F6FE602054372F00B2543D /* Frameworks */ = {
			isa = PBXFrameworksBuildPhase;
			buildActionMask = 2147483647;
			files = (
			);
			runOnlyForDeploymentPostprocessing = 0;
		};
		E8F6FE6B2054372F00B2543D /* Frameworks */ = {
			isa = PBXFrameworksBuildPhase;
			buildActionMask = 2147483647;
			files = (
			);
			runOnlyForDeploymentPostprocessing = 0;
		};
/* End PBXFrameworksBuildPhase section */

/* Begin PBXGroup section */
		E8F6FE462054372F00B2543D = {
			isa = PBXGroup;
			children = (
				E8F6FE512054372F00B2543D /* AR Drawing */,
				E8F6FE662054372F00B2543D /* AR DrawingTests */,
				E8F6FE712054372F00B2543D /* AR DrawingUITests */,
				E8F6FE502054372F00B2543D /* Products */,
			);
			sourceTree = "<group>";
		};
		E8F6FE502054372F00B2543D /* Products */ = {
			isa = PBXGroup;
			children = (
				E8F6FE4F2054372F00B2543D /* AR Drawing.app */,
				E8F6FE632054372F00B2543D /* AR DrawingTests.xctest */,
				E8F6FE6E2054372F00B2543D /* AR DrawingUITests.xctest */,
			);
			name = Products;
			sourceTree = "<group>";
		};
		E8F6FE512054372F00B2543D /* AR Drawing */ = {
			isa = PBXGroup;
			children = (
				E8F6FE522054372F00B2543D /* AppDelegate.swift */,
				E8F6FE542054372F00B2543D /* ViewController.swift */,
				E8F6FE562054372F00B2543D /* Main.storyboard */,
				E8F6FE592054372F00B2543D /* Assets.xcassets */,
				E8F6FE5B2054372F00B2543D /* LaunchScreen.storyboard */,
				E8F6FE5E2054372F00B2543D /* Info.plist */,
			);
			path = "AR Drawing";
			sourceTree = "<group>";
		};
		E8F6FE662054372F00B2543D /* AR DrawingTests */ = {
			isa = PBXGroup;
			children = (
				E8F6FE672054372F00B2543D /* AR_DrawingTests.swift */,
				E8F6FE692054372F00B2543D /* Info.plist */,
			);
			path = "AR DrawingTests";
			sourceTree = "<group>";
		};
		E8F6FE712054372F00B2543D /* AR DrawingUITests */ = {
			isa = PBXGroup;
			children = (
				E8F6FE722054372F00B2543D /* AR_DrawingUITests.swift */,
				E8F6FE742054372F00B2543D /* Info.plist */,
			);
			path = "AR DrawingUITests";
			sourceTree = "<group>";
		};
/* End PBXGroup section */

/* Begin PBXNativeTarget section */
		E8F6FE4E2054372F00B2543D /* AR Drawing */ = {
			isa = PBXNativeTarget;
			buildConfigurationList = E8F6FE772054372F00B2543D /* Build configuration list for PBXNativeTarget "AR Drawing" */;
			buildPhases = (
				E8F6FE4B2054372F00B2543D /* Sources */,
				E8F6FE4C2054372F00B2543D /* Frameworks */,
				E8F6FE4D2054372F00B2543D /* Resources */,
			);
			buildRules = (
			);
			dependencies = (
			);
			name = "AR Drawing";
			productName = "AR Drawing";
			productReference = E8F6FE4F2054372F00B2543D /* AR Drawing.app */;
			productType = "com.apple.product-type.application";
		};
		E8F6FE622054372F00B2543D /* AR DrawingTests */ = {
			isa = PBXNativeTarget;
			buildConfigurationList = E8F6FE7A2054372F00B2543D /* Build configuration list for PBXNativeTarget "AR DrawingTests" */;
			buildPhases = (
				E8F6FE5F2054372F00B2543D /* Sources */,
				E8F6FE602054372F00B2543D /* Frameworks */,
				E8F6FE612054372F00B2543D /* Resources */,
			);
			buildRules = (
			);
			dependencies = (
				E8F6FE652054372F00B2543D /* PBXTargetDependency */,
			);
			name = "AR DrawingTests";
			productName = "AR DrawingTests";
			productReference = E8F6FE632054372F00B2543D /* AR DrawingTests.xctest */;
			productType = "com.apple.product-type.bundle.unit-test";
		};
		E8F6FE6D2054372F00B2543D /* AR DrawingUITests */ = {
			isa = PBXNativeTarget;
			buildConfigurationList = E8F6FE7D2054372F00B2543D /* Build configuration list for PBXNativeTarget "AR DrawingUITests" */;
			buildPhases = (
				E8F6FE6A2054372F00B2543D /* Sources */,
				E8F6FE6B2054372F00B2543D /* Frameworks */,
				E8F6FE6C2054372F00B2543D /* Resources */,
			);
			buildRules = (
			);
			dependencies = (
				E8F6FE702054372F00B2543D /* PBXTargetDependency */,
			);
			name = "AR DrawingUITests";
			productName = "AR DrawingUITests";
			productReference = E8F6FE6E2054372F00B2543D /* AR DrawingUITests.xctest */;
			productType = "com.apple.product-type.bundle.ui-testing";
		};
/* End PBXNativeTarget section */

/* Begin PBXProject section */
		E8F6FE472054372F00B2543D /* Project object */ = {
			isa = PBXProject;
			attributes = {
				LastSwiftUpdateCheck = 0920;
				LastUpgradeCheck = 0940;
				ORGANIZATIONNAME = "Vara Prasada Gopi Srinath Samudrala";
				TargetAttributes = {
					E8F6FE4E2054372F00B2543D = {
						CreatedOnToolsVersion = 9.2;
						ProvisioningStyle = Automatic;
					};
					E8F6FE622054372F00B2543D = {
						CreatedOnToolsVersion = 9.2;
						ProvisioningStyle = Automatic;
						TestTargetID = E8F6FE4E2054372F00B2543D;
					};
					E8F6FE6D2054372F00B2543D = {
						CreatedOnToolsVersion = 9.2;
						ProvisioningStyle = Automatic;
						TestTargetID = E8F6FE4E2054372F00B2543D;
					};
				};
			};
			buildConfigurationList = E8F6FE4A2054372F00B2543D /* Build configuration list for PBXProject "AR Drawing" */;
			compatibilityVersion = "Xcode 8.0";
			developmentRegion = en;
			hasScannedForEncodings = 0;
			knownRegions = (
				en,
				Base,
			);
			mainGroup = E8F6FE462054372F00B2543D;
			productRefGroup = E8F6FE502054372F00B2543D /* Products */;
			projectDirPath = "";
			projectRoot = "";
			targets = (
				E8F6FE4E2054372F00B2543D /* AR Drawing */,
				E8F6FE622054372F00B2543D /* AR DrawingTests */,
				E8F6FE6D2054372F00B2543D /* AR DrawingUITests */,
			);
		};
/* End PBXProject section */

/* Begin PBXResourcesBuildPhase section */
		E8F6FE4D2054372F00B2543D /* Resources */ = {
			isa = PBXResourcesBuildPhase;
			buildActionMask = 2147483647;
			files = (
				E8F6FE5D2054372F00B2543D /* LaunchScreen.storyboard in Resources */,
				E8F6FE5A2054372F00B2543D /* Assets.xcassets in Resources */,
				E8F6FE582054372F00B2543D /* Main.storyboard in Resources */,
			);
			runOnlyForDeploymentPostprocessing = 0;
		};
		E8F6FE612054372F00B2543D /* Resources */ = {
			isa = PBXResourcesBuildPhase;
			buildActionMask = 2147483647;
			files = (
			);
			runOnlyForDeploymentPostprocessing = 0;
		};
		E8F6FE6C2054372F00B2543D /* Resources */ = {
			isa = PBXResourcesBuildPhase;
			buildActionMask = 2147483647;
			files = (
			);
			runOnlyForDeploymentPostprocessing = 0;
		};
/* End PBXResourcesBuildPhase section */

/* Begin PBXSourcesBuildPhase section */
		E8F6FE4B2054372F00B2543D /* Sources */ = {
			isa = PBXSourcesBuildPhase;
			buildActionMask = 2147483647;
			files = (
				E8F6FE552054372F00B2543D /* ViewController.swift in Sources */,
				E8F6FE532054372F00B2543D /* AppDelegate.swift in Sources */,
			);
			runOnlyForDeploymentPostprocessing = 0;
		};
		E8F6FE5F2054372F00B2543D /* Sources */ = {
			isa = PBXSourcesBuildPhase;
			buildActionMask = 2147483647;
			files = (
				E8F6FE682054372F00B2543D /* AR_DrawingTests.swift in Sources */,
			);
			runOnlyForDeploymentPostprocessing = 0;
		};
		E8F6FE6A2054372F00B2543D /* Sources */ = {
			isa = PBXSourcesBuildPhase;
			buildActionMask = 2147483647;
			files = (
				E8F6FE732054372F00B2543D /* AR_DrawingUITests.swift in Sources */,
			);
			runOnlyForDeploymentPostprocessing = 0;
		};
/* End PBXSourcesBuildPhase section */

/* Begin PBXTargetDependency section */
		E8F6FE652054372F00B2543D /* PBXTargetDependency */ = {
			isa = PBXTargetDependency;
			target = E8F6FE4E2054372F00B2543D /* AR Drawing */;
			targetProxy = E8F6FE642054372F00B2543D /* PBXContainerItemProxy */;
		};
		E8F6FE702054372F00B2543D /* PBXTargetDependency */ = {
			isa = PBXTargetDependency;
			target = E8F6FE4E2054372F00B2543D /* AR Drawing */;
			targetProxy = E8F6FE6F2054372F00B2543D /* PBXContainerItemProxy */;
		};
/* End PBXTargetDependency section */

/* Begin PBXVariantGroup section */
		E8F6FE562054372F00B2543D /* Main.storyboard */ = {
			isa = PBXVariantGroup;
			children = (
				E8F6FE572054372F00B2543D /* Base */,
			);
			name = Main.storyboard;
			sourceTree = "<group>";
		};
		E8F6FE5B2054372F00B2543D /* LaunchScreen.storyboard */ = {
			isa = PBXVariantGroup;
			children = (
				E8F6FE5C2054372F00B2543D /* Base */,
			);
			name = LaunchScreen.storyboard;
			sourceTree = "<group>";
		};
/* End PBXVariantGroup section */

/* Begin XCBuildConfiguration section */
		E8F6FE752054372F00B2543D /* Debug */ = {
			isa = XCBuildConfiguration;
			buildSettings = {
				ALWAYS_SEARCH_USER_PATHS = NO;
				CLANG_ANALYZER_NONNULL = YES;
				CLANG_ANALYZER_NUMBER_OBJECT_CONVERSION = YES_AGGRESSIVE;
				CLANG_CXX_LANGUAGE_STANDARD = "gnu++14";
				CLANG_CXX_LIBRARY = "libc++";
				CLANG_ENABLE_MODULES = YES;
				CLANG_ENABLE_OBJC_ARC = YES;
				CLANG_WARN_BLOCK_CAPTURE_AUTORELEASING = YES;
				CLANG_WARN_BOOL_CONVERSION = YES;
				CLANG_WARN_COMMA = YES;
				CLANG_WARN_CONSTANT_CONVERSION = YES;
				CLANG_WARN_DEPRECATED_OBJC_IMPLEMENTATIONS = YES;
				CLANG_WARN_DIRECT_OBJC_ISA_USAGE = YES_ERROR;
				CLANG_WARN_DOCUMENTATION_COMMENTS = YES;
				CLANG_WARN_EMPTY_BODY = YES;
				CLANG_WARN_ENUM_CONVERSION = YES;
				CLANG_WARN_INFINITE_RECURSION = YES;
				CLANG_WARN_INT_CONVERSION = YES;
				CLANG_WARN_NON_LITERAL_NULL_CONVERSION = YES;
				CLANG_WARN_OBJC_IMPLICIT_RETAIN_SELF = YES;
				CLANG_WARN_OBJC_LITERAL_CONVERSION = YES;
				CLANG_WARN_OBJC_ROOT_CLASS = YES_ERROR;
				CLANG_WARN_RANGE_LOOP_ANALYSIS = YES;
				CLANG_WARN_STRICT_PROTOTYPES = YES;
				CLANG_WARN_SUSPICIOUS_MOVE = YES;
				CLANG_WARN_UNGUARDED_AVAILABILITY = YES_AGGRESSIVE;
				CLANG_WARN_UNREACHABLE_CODE = YES;
				CLANG_WARN__DUPLICATE_METHOD_MATCH = YES;
				CODE_SIGN_IDENTITY = "iPhone Developer";
				COPY_PHASE_STRIP = NO;
				DEBUG_INFORMATION_FORMAT = dwarf;
				ENABLE_STRICT_OBJC_MSGSEND = YES;
				ENABLE_TESTABILITY = YES;
				GCC_C_LANGUAGE_STANDARD = gnu11;
				GCC_DYNAMIC_NO_PIC = NO;
				GCC_NO_COMMON_BLOCKS = YES;
				GCC_OPTIMIZATION_LEVEL = 0;
				GCC_PREPROCESSOR_DEFINITIONS = (
					"DEBUG=1",
					"$(inherited)",
				);
				GCC_WARN_64_TO_32_BIT_CONVERSION = YES;
				GCC_WARN_ABOUT_RETURN_TYPE = YES_ERROR;
				GCC_WARN_UNDECLARED_SELECTOR = YES;
				GCC_WARN_UNINITIALIZED_AUTOS = YES_AGGRESSIVE;
				GCC_WARN_UNUSED_FUNCTION = YES;
				GCC_WARN_UNUSED_VARIABLE = YES;
				IPHONEOS_DEPLOYMENT_TARGET = 11.2;
				MTL_ENABLE_DEBUG_INFO = YES;
				ONLY_ACTIVE_ARCH = YES;
				SDKROOT = iphoneos;
				SWIFT_ACTIVE_COMPILATION_CONDITIONS = DEBUG;
				SWIFT_OPTIMIZATION_LEVEL = "-Onone";
			};
			name = Debug;
		};
		E8F6FE762054372F00B2543D /* Release */ = {
			isa = XCBuildConfiguration;
			buildSettings = {
				ALWAYS_SEARCH_USER_PATHS = NO;
				CLANG_ANALYZER_NONNULL = YES;
				CLANG_ANALYZER_NUMBER_OBJECT_CONVERSION = YES_AGGRESSIVE;
				CLANG_CXX_LANGUAGE_STANDARD = "gnu++14";
				CLANG_CXX_LIBRARY = "libc++";
				CLANG_ENABLE_MODULES = YES;
				CLANG_ENABLE_OBJC_ARC = YES;
				CLANG_WARN_BLOCK_CAPTURE_AUTORELEASING = YES;
				CLANG_WARN_BOOL_CONVERSION = YES;
				CLANG_WARN_COMMA = YES;
				CLANG_WARN_CONSTANT_CONVERSION = YES;
				CLANG_WARN_DEPRECATED_OBJC_IMPLEMENTATIONS = YES;
				CLANG_WARN_DIRECT_OBJC_ISA_USAGE = YES_ERROR;
				CLANG_WARN_DOCUMENTATION_COMMENTS = YES;
				CLANG_WARN_EMPTY_BODY = YES;
				CLANG_WARN_ENUM_CONVERSION = YES;
				CLANG_WARN_INFINITE_RECURSION = YES;
				CLANG_WARN_INT_CONVERSION = YES;
				CLANG_WARN_NON_LITERAL_NULL_CONVERSION = YES;
				CLANG_WARN_OBJC_IMPLICIT_RETAIN_SELF = YES;
				CLANG_WARN_OBJC_LITERAL_CONVERSION = YES;
				CLANG_WARN_OBJC_ROOT_CLASS = YES_ERROR;
				CLANG_WARN_RANGE_LOOP_ANALYSIS = YES;
				CLANG_WARN_STRICT_PROTOTYPES = YES;
				CLANG_WARN_SUSPICIOUS_MOVE = YES;
				CLANG_WARN_UNGUARDED_AVAILABILITY = YES_AGGRESSIVE;
				CLANG_WARN_UNREACHABLE_CODE = YES;
				CLANG_WARN__DUPLICATE_METHOD_MATCH = YES;
				CODE_SIGN_IDENTITY = "iPhone Developer";
				COPY_PHASE_STRIP = NO;
				DEBUG_INFORMATION_FORMAT = "dwarf-with-dsym";
				ENABLE_NS_ASSERTIONS = NO;
				ENABLE_STRICT_OBJC_MSGSEND = YES;
				GCC_C_LANGUAGE_STANDARD = gnu11;
				GCC_NO_COMMON_BLOCKS = YES;
				GCC_WARN_64_TO_32_BIT_CONVERSION = YES;
				GCC_WARN_ABOUT_RETURN_TYPE = YES_ERROR;
				GCC_WARN_UNDECLARED_SELECTOR = YES;
				GCC_WARN_UNINITIALIZED_AUTOS = YES_AGGRESSIVE;
				GCC_WARN_UNUSED_FUNCTION = YES;
				GCC_WARN_UNUSED_VARIABLE = YES;
				IPHONEOS_DEPLOYMENT_TARGET = 11.2;
				MTL_ENABLE_DEBUG_INFO = NO;
				SDKROOT = iphoneos;
				SWIFT_OPTIMIZATION_LEVEL = "-Owholemodule";
				VALIDATE_PRODUCT = YES;
			};
			name = Release;
		};
		E8F6FE782054372F00B2543D /* Debug */ = {
			isa = XCBuildConfiguration;
			buildSettings = {
				ASSETCATALOG_COMPILER_APPICON_NAME = AppIcon;
				CODE_SIGN_STYLE = Automatic;
				DEVELOPMENT_TEAM = 22Z8CZQ97C;
				INFOPLIST_FILE = "AR Drawing/Info.plist";
				LD_RUNPATH_SEARCH_PATHS = "$(inherited) @executable_path/Frameworks";
				PRODUCT_BUNDLE_IDENTIFIER = "r.AR-Drawing54321";
				PRODUCT_NAME = "$(TARGET_NAME)";
				SWIFT_VERSION = 4.0;
				TARGETED_DEVICE_FAMILY = "1,2";
			};
			name = Debug;
		};
		E8F6FE792054372F00B2543D /* Release */ = {
			isa = XCBuildConfiguration;
			buildSettings = {
				ASSETCATALOG_COMPILER_APPICON_NAME = AppIcon;
				CODE_SIGN_STYLE = Automatic;
				DEVELOPMENT_TEAM = 22Z8CZQ97C;
				INFOPLIST_FILE = "AR Drawing/Info.plist";
				LD_RUNPATH_SEARCH_PATHS = "$(inherited) @executable_path/Frameworks";
				PRODUCT_BUNDLE_IDENTIFIER = "r.AR-Drawing54321";
				PRODUCT_NAME = "$(TARGET_NAME)";
				SWIFT_VERSION = 4.0;
				TARGETED_DEVICE_FAMILY = "1,2";
			};
			name = Release;
		};
		E8F6FE7B2054372F00B2543D /* Debug */ = {
			isa = XCBuildConfiguration;
			buildSettings = {
				ALWAYS_EMBED_SWIFT_STANDARD_LIBRARIES = YES;
				BUNDLE_LOADER = "$(TEST_HOST)";
				CODE_SIGN_STYLE = Automatic;
				INFOPLIST_FILE = "AR DrawingTests/Info.plist";
				LD_RUNPATH_SEARCH_PATHS = "$(inherited) @executable_path/Frameworks @loader_path/Frameworks";
				PRODUCT_BUNDLE_IDENTIFIER = "r.AR-DrawingTests";
				PRODUCT_NAME = "$(TARGET_NAME)";
				SWIFT_VERSION = 4.0;
				TARGETED_DEVICE_FAMILY = "1,2";
				TEST_HOST = "$(BUILT_PRODUCTS_DIR)/AR Drawing.app/AR Drawing";
			};
			name = Debug;
		};
		E8F6FE7C2054372F00B2543D /* Release */ = {
			isa = XCBuildConfiguration;
			buildSettings = {
				ALWAYS_EMBED_SWIFT_STANDARD_LIBRARIES = YES;
				BUNDLE_LOADER = "$(TEST_HOST)";
				CODE_SIGN_STYLE = Automatic;
				INFOPLIST_FILE = "AR DrawingTests/Info.plist";
				LD_RUNPATH_SEARCH_PATHS = "$(inherited) @executable_path/Frameworks @loader_path/Frameworks";
				PRODUCT_BUNDLE_IDENTIFIER = "r.AR-DrawingTests";
				PRODUCT_NAME = "$(TARGET_NAME)";
				SWIFT_VERSION = 4.0;
				TARGETED_DEVICE_FAMILY = "1,2";
				TEST_HOST = "$(BUILT_PRODUCTS_DIR)/AR Drawing.app/AR Drawing";
			};
			name = Release;
		};
		E8F6FE7E2054372F00B2543D /* Debug */ = {
			isa = XCBuildConfiguration;
			buildSettings = {
				ALWAYS_EMBED_SWIFT_STANDARD_LIBRARIES = YES;
				CODE_SIGN_STYLE = Automatic;
				INFOPLIST_FILE = "AR DrawingUITests/Info.plist";
				LD_RUNPATH_SEARCH_PATHS = "$(inherited) @executable_path/Frameworks @loader_path/Frameworks";
				PRODUCT_BUNDLE_IDENTIFIER = "r.AR-DrawingUITests";
				PRODUCT_NAME = "$(TARGET_NAME)";
				SWIFT_VERSION = 4.0;
				TARGETED_DEVICE_FAMILY = "1,2";
				TEST_TARGET_NAME = "AR Drawing";
			};
			name = Debug;
		};
		E8F6FE7F2054372F00B2543D /* Release */ = {
			isa = XCBuildConfiguration;
			buildSettings = {
				ALWAYS_EMBED_SWIFT_STANDARD_LIBRARIES = YES;
				CODE_SIGN_STYLE = Automatic;
				INFOPLIST_FILE = "AR DrawingUITests/Info.plist";
				LD_RUNPATH_SEARCH_PATHS = "$(inherited) @executable_path/Frameworks @loader_path/Frameworks";
				PRODUCT_BUNDLE_IDENTIFIER = "r.AR-DrawingUITests";
				PRODUCT_NAME = "$(TARGET_NAME)";
				SWIFT_VERSION = 4.0;
				TARGETED_DEVICE_FAMILY = "1,2";
				TEST_TARGET_NAME = "AR Drawing";
			};
			name = Release;
		};
/* End XCBuildConfiguration section */

/* Begin XCConfigurationList section */
		E8F6FE4A2054372F00B2543D /* Build configuration list for PBXProject "AR Drawing" */ = {
			isa = XCConfigurationList;
			buildConfigurations = (
				E8F6FE752054372F00B2543D /* Debug */,
				E8F6FE762054372F00B2543D /* Release */,
			);
			defaultConfigurationIsVisible = 0;
			defaultConfigurationName = Release;
		};
		E8F6FE772054372F00B2543D /* Build configuration list for PBXNativeTarget "AR Drawing" */ = {
			isa = XCConfigurationList;
			buildConfigurations = (
				E8F6FE782054372F00B2543D /* Debug */,
				E8F6FE792054372F00B2543D /* Release */,
			);
			defaultConfigurationIsVisible = 0;
			defaultConfigurationName = Release;
		};
		E8F6FE7A2054372F00B2543D /* Build configuration list for PBXNativeTarget "AR DrawingTests" */ = {
			isa = XCConfigurationList;
			buildConfigurations = (
				E8F6FE7B2054372F00B2543D /* Debug */,
				E8F6FE7C2054372F00B2543D /* Release */,
			);
			defaultConfigurationIsVisible = 0;
			defaultConfigurationName = Release;
		};
		E8F6FE7D2054372F00B2543D /* Build configuration list for PBXNativeTarget "AR DrawingUITests" */ = {
			isa = XCConfigurationList;
			buildConfigurations = (
				E8F6FE7E2054372F00B2543D /* Debug */,
				E8F6FE7F2054372F00B2543D /* Release */,
			);
			defaultConfigurationIsVisible = 0;
			defaultConfigurationName = Release;
		};
/* End XCConfigurationList section */
	};
	rootObject = E8F6FE472054372F00B2543D /* Project object */;
}
